
Microsoft Visual Studio Solution File, Format Version 12.00
# Visual Studio Version 17
VisualStudioVersion = 17.14.36408.4
MinimumVisualStudioVersion = 10.0.40219.1
Project("{FAE04EC0-301F-11D3-BF4B-00C04F79EFBC}") = "GeoShapes", "GeoShapes\GeoShapes.csproj", "{BA0BC0AA-145D-4769-AFCD-C403C2312B5C}"
EndProject
Project("{FAE04EC0-301F-11D3-BF4B-00C04F79EFBC}") = "GeoShapesTests", "GeoShapesTests\GeoShapesTests.csproj", "{006D3617-0A0B-47C1-88B7-EACCC060C091}"
EndProject
Global
	GlobalSection(SolutionConfigurationPlatforms) = preSolution
		Debug|Any CPU = Debug|Any CPU
		Release|Any CPU = Release|Any CPU
	EndGlobalSection
	GlobalSection(ProjectConfigurationPlatforms) = postSolution
		{BA0BC0AA-145D-4769-AFCD-C403C2312B5C}.Debug|Any CPU.ActiveCfg = Debug|Any CPU
		{BA0BC0AA-145D-4769-AFCD-C403C2312B5C}.Debug|Any CPU.Build.0 = Debug|Any CPU
		{BA0BC0AA-145D-4769-AFCD-C403C2312B5C}.Release|Any CPU.ActiveCfg = Release|Any CPU
		{BA0BC0AA-145D-4769-AFCD-C403C2312B5C}.Release|Any CPU.Build.0 = Release|Any CPU
		{006D3617-0A0B-47C1-88B7-EACCC060C091}.Debug|Any CPU.ActiveCfg = Debug|Any CPU
		{006D3617-0A0B-47C1-88B7-EACCC060C091}.Debug|Any CPU.Build.0 = Debug|Any CPU
		{006D3617-0A0B-47C1-88B7-EACCC060C091}.Release|Any CPU.ActiveCfg = Release|Any CPU
		{006D3617-0A0B-47C1-88B7-EACCC060C091}.Release|Any CPU.Build.0 = Release|Any CPU
	EndGlobalSection
	GlobalSection(SolutionProperties) = preSolution
		HideSolutionNode = FALSE
	EndGlobalSection
	GlobalSection(ExtensibilityGlobals) = postSolution
		SolutionGuid = {F0A116A2-C71D-4DCE-9AE2-E55F13E24F39}
	EndGlobalSection
EndGlobal
